{
  "version": 4,
  "terraform_version": "1.6.2",
  "serial": 12,
  "lineage": "a27712e3-e235-afe6-2950-dc871dfaf2d1",
  "outputs": {},
  "resources": [
    {
      "mode": "managed",
      "type": "aws_vpc",
      "name": "jeeva",
      "provider": "provider[\"registry.terraform.io/hashicorp/aws\"]",
      "instances": [
        {
          "schema_version": 1,
          "attributes": {
            "arn": "arn:aws:ec2:ap-south-1:471151252984:vpc/vpc-03ae6880aed899cd5",
            "assign_generated_ipv6_cidr_block": false,
            "cidr_block": "10.0.0.0/16",
            "default_network_acl_id": "acl-0df8b4212c456f179",
            "default_route_table_id": "rtb-09930e3490b7381c6",
            "default_security_group_id": "sg-03459c749f2b090b4",
            "dhcp_options_id": "dopt-0f9ff6644689b7459",
            "enable_dns_hostnames": false,
            "enable_dns_support": true,
            "enable_network_address_usage_metrics": false,
            "id": "vpc-03ae6880aed899cd5",
            "instance_tenancy": "default",
            "ipv4_ipam_pool_id": null,
            "ipv4_netmask_length": null,
            "ipv6_association_id": "",
            "ipv6_cidr_block": "",
            "ipv6_cidr_block_network_border_group": "",
            "ipv6_ipam_pool_id": "",
            "ipv6_netmask_length": 0,
            "main_route_table_id": "rtb-09930e3490b7381c6",
            "owner_id": "471151252984",
            "tags": {
              "Name": "asampleVPC4"
            },
            "tags_all": {
              "Name": "asampleVPC4"
            }
          },
          "sensitive_attributes": [],
          "private": "eyJzY2hlbWFfdmVyc2lvbiI6IjEifQ=="
        }
      ]
    }
  ],
  "check_results": null
}
